
Microsoft Visual Studio Solution File, Format Version 12.00
# Visual Studio Version 17
VisualStudioVersion = 17.6.33417.168
MinimumVisualStudioVersion = 10.0.40219.1
Project("{FAE04EC0-301F-11D3-BF4B-00C04F79EFBC}") = "TermExample", "TermExample\TermExample.csproj", "{640EBCC2-B7B8-416D-B6B4-D484D1D404BB}"
EndProject
Project("{9A19103F-16F7-4668-BE54-9A1E7A4F7556}") = "ConPtyTermEmulatorLib", "ConPtyTermEmulatorLib\ConPtyTermEmulatorLib.csproj", "{8DBC2368-E247-4930-B51D-23F2EB59C524}"
EndProject
Global
	GlobalSection(SolutionConfigurationPlatforms) = preSolution
		Debug|x64 = Debug|x64
		Release|x64 = Release|x64
	EndGlobalSection
	GlobalSection(ProjectConfigurationPlatforms) = postSolution
		{8DBC2368-E247-4930-B51D-23F2EB59C524}.Debug|x64.ActiveCfg = Debug|x64
		{8DBC2368-E247-4930-B51D-23F2EB59C524}.Debug|x64.Build.0 = Debug|x64
		{8DBC2368-E247-4930-B51D-23F2EB59C524}.Release|x64.ActiveCfg = Release|x64
		{8DBC2368-E247-4930-B51D-23F2EB59C524}.Release|x64.Build.0 = Release|x64
		{640EBCC2-B7B8-416D-B6B4-D484D1D404BB}.Debug|x64.ActiveCfg = Debug|x64
		{640EBCC2-B7B8-416D-B6B4-D484D1D404BB}.Debug|x64.Build.0 = Debug|x64
		{640EBCC2-B7B8-416D-B6B4-D484D1D404BB}.Release|x64.ActiveCfg = Release|x64
		{640EBCC2-B7B8-416D-B6B4-D484D1D404BB}.Release|x64.Build.0 = Release|x64
	EndGlobalSection
	GlobalSection(SolutionProperties) = preSolution
		HideSolutionNode = FALSE
	EndGlobalSection
	GlobalSection(ExtensibilityGlobals) = postSolution
		SolutionGuid = {94BA1E45-9BBB-4F9C-8041-98596F25CA05}
	EndGlobalSection
EndGlobal
